// !$*UTF8*$!
{
	archiveVersion = 1;
	classes = {
	};
	objectVersion = 50;
	objects = {

/* Begin PBXBuildFile section */
		79AE98652241EE69007D2649 /* AppDelegate.swift in Sources */ = {isa = PBXBuildFile; fileRef = 79AE98642241EE69007D2649 /* AppDelegate.swift */; };
		79AE98672241EE69007D2649 /* art.scnassets in Resources */ = {isa = PBXBuildFile; fileRef = 79AE98662241EE69007D2649 /* art.scnassets */; };
		79AE98692241EE69007D2649 /* ViewController.swift in Sources */ = {isa = PBXBuildFile; fileRef = 79AE98682241EE69007D2649 /* ViewController.swift */; };
		79AE986C2241EE69007D2649 /* Main.storyboard in Resources */ = {isa = PBXBuildFile; fileRef = 79AE986A2241EE69007D2649 /* Main.storyboard */; };
		79AE986E2241EE6B007D2649 /* Assets.xcassets in Resources */ = {isa = PBXBuildFile; fileRef = 79AE986D2241EE6B007D2649 /* Assets.xcassets */; };
		79AE98712241EE6B007D2649 /* LaunchScreen.storyboard in Resources */ = {isa = PBXBuildFile; fileRef = 79AE986F2241EE6B007D2649 /* LaunchScreen.storyboard */; };
		79AE98792241EEA6007D2649 /* harrypotter.mp4 in Resources */ = {isa = PBXBuildFile; fileRef = 79AE98782241EEA6007D2649 /* harrypotter.mp4 */; };
/* End PBXBuildFile section */

/* Begin PBXFileReference section */
		79AE98612241EE69007D2649 /* Magic Paper.app */ = {isa = PBXFileReference; explicitFileType = wrapper.application; includeInIndex = 0; path = "Magic Paper.app"; sourceTree = BUILT_PRODUCTS_DIR; };
		79AE98642241EE69007D2649 /* AppDelegate.swift */ = {isa = PBXFileReference; lastKnownFileType = sourcecode.swift; path = AppDelegate.swift; sourceTree = "<group>"; };
		79AE98662241EE69007D2649 /* art.scnassets */ = {isa = PBXFileReference; lastKnownFileType = wrapper.scnassets; path = art.scnassets; sourceTree = "<group>"; };
		79AE98682241EE69007D2649 /* ViewController.swift */ = {isa = PBXFileReference; lastKnownFileType = sourcecode.swift; path = ViewController.swift; sourceTree = "<group>"; };
		79AE986B2241EE69007D2649 /* Base */ = {isa = PBXFileReference; lastKnownFileType = file.storyboard; name = Base; path = Base.lproj/Main.storyboard; sourceTree = "<group>"; };
		79AE986D2241EE6B007D2649 /* Assets.xcassets */ = {isa = PBXFileReference; lastKnownFileType = folder.assetcatalog; path = Assets.xcassets; sourceTree = "<group>"; };
		79AE98702241EE6B007D2649 /* Base */ = {isa = PBXFileReference; lastKnownFileType = file.storyboard; name = Base; path = Base.lproj/LaunchScreen.storyboard; sourceTree = "<group>"; };
		79AE98722241EE6B007D2649 /* Info.plist */ = {isa = PBXFileReference; lastKnownFileType = text.plist.xml; path = Info.plist; sourceTree = "<group>"; };
		79AE98782241EEA6007D2649 /* harrypotter.mp4 */ = {isa = PBXFileReference; lastKnownFileType = file; path = harrypotter.mp4; sourceTree = "<group>"; };
/* End PBXFileReference section */

/* Begin PBXFrameworksBuildPhase section */
		79AE985E2241EE69007D2649 /* Frameworks */ = {
			isa = PBXFrameworksBuildPhase;
			buildActionMask = 2147483647;
			files = (
			);
			runOnlyForDeploymentPostprocessing = 0;
		};
/* End PBXFrameworksBuildPhase section */

/* Begin PBXGroup section */
		79AE98582241EE69007D2649 = {
			isa = PBXGroup;
			children = (
				79AE98632241EE69007D2649 /* Magic Paper */,
				79AE98622241EE69007D2649 /* Products */,
			);
			sourceTree = "<group>";
		};
		79AE98622241EE69007D2649 /* Products */ = {
			isa = PBXGroup;
			children = (
				79AE98612241EE69007D2649 /* Magic Paper.app */,
			);
			name = Products;
			sourceTree = "<group>";
		};
		79AE98632241EE69007D2649 /* Magic Paper */ = {
			isa = PBXGroup;
			children = (
				79AE98782241EEA6007D2649 /* harrypotter.mp4 */,
				79AE98642241EE69007D2649 /* AppDelegate.swift */,
				79AE98662241EE69007D2649 /* art.scnassets */,
				79AE98682241EE69007D2649 /* ViewController.swift */,
				79AE986A2241EE69007D2649 /* Main.storyboard */,
				79AE986D2241EE6B007D2649 /* Assets.xcassets */,
				79AE986F2241EE6B007D2649 /* LaunchScreen.storyboard */,
				79AE98722241EE6B007D2649 /* Info.plist */,
			);
			path = "Magic Paper";
			sourceTree = "<group>";
		};
/* End PBXGroup section */

/* Begin PBXNativeTarget section */
		79AE98602241EE69007D2649 /* Magic Paper */ = {
			isa = PBXNativeTarget;
			buildConfigurationList = 79AE98752241EE6B007D2649 /* Build configuration list for PBXNativeTarget "Magic Paper" */;
			buildPhases = (
				79AE985D2241EE69007D2649 /* Sources */,
				79AE985E2241EE69007D2649 /* Frameworks */,
				79AE985F2241EE69007D2649 /* Resources */,
			);
			buildRules = (
			);
			dependencies = (
			);
			name = "Magic Paper";
			productName = "Magic Paper";
			productReference = 79AE98612241EE69007D2649 /* Magic Paper.app */;
			productType = "com.apple.product-type.application";
		};
/* End PBXNativeTarget section */

/* Begin PBXProject section */
		79AE98592241EE69007D2649 /* Project object */ = {
			isa = PBXProject;
			attributes = {
				LastSwiftUpdateCheck = 1010;
				LastUpgradeCheck = 1010;
				ORGANIZATIONNAME = Pramodya;
				TargetAttributes = {
					79AE98602241EE69007D2649 = {
						CreatedOnToolsVersion = 10.1;
					};
				};
			};
			buildConfigurationList = 79AE985C2241EE69007D2649 /* Build configuration list for PBXProject "Magic Paper" */;
			compatibilityVersion = "Xcode 9.3";
			developmentRegion = en;
			hasScannedForEncodings = 0;
			knownRegions = (
				en,
				Base,
			);
			mainGroup = 79AE98582241EE69007D2649;
			productRefGroup = 79AE98622241EE69007D2649 /* Products */;
			projectDirPath = "";
			projectRoot = "";
			targets = (
				79AE98602241EE69007D2649 /* Magic Paper */,
			);
		};
/* End PBXProject section */

/* Begin PBXResourcesBuildPhase section */
		79AE985F2241EE69007D2649 /* Resources */ = {
			isa = PBXResourcesBuildPhase;
			buildActionMask = 2147483647;
			files = (
				79AE98672241EE69007D2649 /* art.scnassets in Resources */,
				79AE98712241EE6B007D2649 /* LaunchScreen.storyboard in Resources */,
				79AE98792241EEA6007D2649 /* harrypotter.mp4 in Resources */,
				79AE986E2241EE6B007D2649 /* Assets.xcassets in Resources */,
				79AE986C2241EE69007D2649 /* Main.storyboard in Resources */,
			);
			runOnlyForDeploymentPostprocessing = 0;
		};
/* End PBXResourcesBuildPhase section */

/* Begin PBXSourcesBuildPhase section */
		79AE985D2241EE69007D2649 /* Sources */ = {
			isa = PBXSourcesBuildPhase;
			buildActionMask = 2147483647;
			files = (
				79AE98692241EE69007D2649 /* ViewController.swift in Sources */,
				79AE98652241EE69007D2649 /* AppDelegate.swift in Sources */,
			);
			runOnlyForDeploymentPostprocessing = 0;
		};
/* End PBXSourcesBuildPhase section */

/* Begin PBXVariantGroup section */
		79AE986A2241EE69007D2649 /* Main.storyboard */ = {
			isa = PBXVariantGroup;
			children = (
				79AE986B2241EE69007D2649 /* Base */,
			);
			name = Main.storyboard;
			sourceTree = "<group>";
		};
		79AE986F2241EE6B007D2649 /* LaunchScreen.storyboard */ = {
			isa = PBXVariantGroup;
			children = (
				79AE98702241EE6B007D2649 /* Base */,
			);
			name = LaunchScreen.storyboard;
			sourceTree = "<group>";
		};
/* End PBXVariantGroup section */

/* Begin XCBuildConfiguration section */
		79AE98732241EE6B007D2649 /* Debug */ = {
			isa = XCBuildConfiguration;
			buildSettings = {
				ALWAYS_SEARCH_USER_PATHS = NO;
				CLANG_ANALYZER_NONNULL = YES;
				CLANG_ANALYZER_NUMBER_OBJECT_CONVERSION = YES_AGGRESSIVE;
				CLANG_CXX_LANGUAGE_STANDARD = "gnu++14";
				CLANG_CXX_LIBRARY = "libc++";
				CLANG_ENABLE_MODULES = YES;
				CLANG_ENABLE_OBJC_ARC = YES;
				CLANG_ENABLE_OBJC_WEAK = YES;
				CLANG_WARN_BLOCK_CAPTURE_AUTORELEASING = YES;
				CLANG_WARN_BOOL_CONVERSION = YES;
				CLANG_WARN_COMMA = YES;
				CLANG_WARN_CONSTANT_CONVERSION = YES;
				CLANG_WARN_DEPRECATED_OBJC_IMPLEMENTATIONS = YES;
				CLANG_WARN_DIRECT_OBJC_ISA_USAGE = YES_ERROR;
				CLANG_WARN_DOCUMENTATION_COMMENTS = YES;
				CLANG_WARN_EMPTY_BODY = YES;
				CLANG_WARN_ENUM_CONVERSION = YES;
				CLANG_WARN_INFINITE_RECURSION = YES;
				CLANG_WARN_INT_CONVERSION = YES;
				CLANG_WARN_NON_LITERAL_NULL_CONVERSION = YES;
				CLANG_WARN_OBJC_IMPLICIT_RETAIN_SELF = YES;
				CLANG_WARN_OBJC_LITERAL_CONVERSION = YES;
				CLANG_WARN_OBJC_ROOT_CLASS = YES_ERROR;
				CLANG_WARN_RANGE_LOOP_ANALYSIS = YES;
				CLANG_WARN_STRICT_PROTOTYPES = YES;
				CLANG_WARN_SUSPICIOUS_MOVE = YES;
				CLANG_WARN_UNGUARDED_AVAILABILITY = YES_AGGRESSIVE;
				CLANG_WARN_UNREACHABLE_CODE = YES;
				CLANG_WARN__DUPLICATE_METHOD_MATCH = YES;
				CODE_SIGN_IDENTITY = "iPhone Developer";
				COPY_PHASE_STRIP = NO;
				DEBUG_INFORMATION_FORMAT = dwarf;
				ENABLE_STRICT_OBJC_MSGSEND = YES;
				ENABLE_TESTABILITY = YES;
				GCC_C_LANGUAGE_STANDARD = gnu11;
				GCC_DYNAMIC_NO_PIC = NO;
				GCC_NO_COMMON_BLOCKS = YES;
				GCC_OPTIMIZATION_LEVEL = 0;
				GCC_PREPROCESSOR_DEFINITIONS = (
					"DEBUG=1",
					"$(inherited)",
				);
				GCC_WARN_64_TO_32_BIT_CONVERSION = YES;
				GCC_WARN_ABOUT_RETURN_TYPE = YES_ERROR;
				GCC_WARN_UNDECLARED_SELECTOR = YES;
				GCC_WARN_UNINITIALIZED_AUTOS = YES_AGGRESSIVE;
				GCC_WARN_UNUSED_FUNCTION = YES;
				GCC_WARN_UNUSED_VARIABLE = YES;
				IPHONEOS_DEPLOYMENT_TARGET = 12.1;
				MTL_ENABLE_DEBUG_INFO = INCLUDE_SOURCE;
				MTL_FAST_MATH = YES;
				ONLY_ACTIVE_ARCH = YES;
				SDKROOT = iphoneos;
				SWIFT_ACTIVE_COMPILATION_CONDITIONS = DEBUG;
				SWIFT_OPTIMIZATION_LEVEL = "-Onone";
			};
			name = Debug;
		};
		79AE98742241EE6B007D2649 /* Release */ = {
			isa = XCBuildConfiguration;
			buildSettings = {
				ALWAYS_SEARCH_USER_PATHS = NO;
				CLANG_ANALYZER_NONNULL = YES;
				CLANG_ANALYZER_NUMBER_OBJECT_CONVERSION = YES_AGGRESSIVE;
				CLANG_CXX_LANGUAGE_STANDARD = "gnu++14";
				CLANG_CXX_LIBRARY = "libc++";
				CLANG_ENABLE_MODULES = YES;
				CLANG_ENABLE_OBJC_ARC = YES;
				CLANG_ENABLE_OBJC_WEAK = YES;
				CLANG_WARN_BLOCK_CAPTURE_AUTORELEASING = YES;
				CLANG_WARN_BOOL_CONVERSION = YES;
				CLANG_WARN_COMMA = YES;
				CLANG_WARN_CONSTANT_CONVERSION = YES;
				CLANG_WARN_DEPRECATED_OBJC_IMPLEMENTATIONS = YES;
				CLANG_WARN_DIRECT_OBJC_ISA_USAGE = YES_ERROR;
				CLANG_WARN_DOCUMENTATION_COMMENTS = YES;
				CLANG_WARN_EMPTY_BODY = YES;
				CLANG_WARN_ENUM_CONVERSION = YES;
				CLANG_WARN_INFINITE_RECURSION = YES;
				CLANG_WARN_INT_CONVERSION = YES;
				CLANG_WARN_NON_LITERAL_NULL_CONVERSION = YES;
				CLANG_WARN_OBJC_IMPLICIT_RETAIN_SELF = YES;
				CLANG_WARN_OBJC_LITERAL_CONVERSION = YES;
				CLANG_WARN_OBJC_ROOT_CLASS = YES_ERROR;
				CLANG_WARN_RANGE_LOOP_ANALYSIS = YES;
				CLANG_WARN_STRICT_PROTOTYPES = YES;
				CLANG_WARN_SUSPICIOUS_MOVE = YES;
				CLANG_WARN_UNGUARDED_AVAILABILITY = YES_AGGRESSIVE;
				CLANG_WARN_UNREACHABLE_CODE = YES;
				CLANG_WARN__DUPLICATE_METHOD_MATCH = YES;
				CODE_SIGN_IDENTITY = "iPhone Developer";
				COPY_PHASE_STRIP = NO;
				DEBUG_INFORMATION_FORMAT = "dwarf-with-dsym";
				ENABLE_NS_ASSERTIONS = NO;
				ENABLE_STRICT_OBJC_MSGSEND = YES;
				GCC_C_LANGUAGE_STANDARD = gnu11;
				GCC_NO_COMMON_BLOCKS = YES;
				GCC_WARN_64_TO_32_BIT_CONVERSION = YES;
				GCC_WARN_ABOUT_RETURN_TYPE = YES_ERROR;
				GCC_WARN_UNDECLARED_SELECTOR = YES;
				GCC_WARN_UNINITIALIZED_AUTOS = YES_AGGRESSIVE;
				GCC_WARN_UNUSED_FUNCTION = YES;
				GCC_WARN_UNUSED_VARIABLE = YES;
				IPHONEOS_DEPLOYMENT_TARGET = 12.1;
				MTL_ENABLE_DEBUG_INFO = NO;
				MTL_FAST_MATH = YES;
				SDKROOT = iphoneos;
				SWIFT_COMPILATION_MODE = wholemodule;
				SWIFT_OPTIMIZATION_LEVEL = "-O";
				VALIDATE_PRODUCT = YES;
			};
			name = Release;
		};
		79AE98762241EE6B007D2649 /* Debug */ = {
			isa = XCBuildConfiguration;
			buildSettings = {
				ASSETCATALOG_COMPILER_APPICON_NAME = AppIcon;
				CODE_SIGN_STYLE = Automatic;
				DEVELOPMENT_TEAM = X2332K5HVA;
				INFOPLIST_FILE = "Magic Paper/Info.plist";
				LD_RUNPATH_SEARCH_PATHS = (
					"$(inherited)",
					"@executable_path/Frameworks",
				);
				PRODUCT_BUNDLE_IDENTIFIER = "com.pramodya.Magic-Paper";
				PRODUCT_NAME = "$(TARGET_NAME)";
				SWIFT_VERSION = 4.2;
				TARGETED_DEVICE_FAMILY = "1,2";
			};
			name = Debug;
		};
		79AE98772241EE6B007D2649 /* Release */ = {
			isa = XCBuildConfiguration;
			buildSettings = {
				ASSETCATALOG_COMPILER_APPICON_NAME = AppIcon;
				CODE_SIGN_STYLE = Automatic;
				DEVELOPMENT_TEAM = X2332K5HVA;
				INFOPLIST_FILE = "Magic Paper/Info.plist";
				LD_RUNPATH_SEARCH_PATHS = (
					"$(inherited)",
					"@executable_path/Frameworks",
				);
				PRODUCT_BUNDLE_IDENTIFIER = "com.pramodya.Magic-Paper";
				PRODUCT_NAME = "$(TARGET_NAME)";
				SWIFT_VERSION = 4.2;
				TARGETED_DEVICE_FAMILY = "1,2";
			};
			name = Release;
		};
/* End XCBuildConfiguration section */

/* Begin XCConfigurationList section */
		79AE985C2241EE69007D2649 /* Build configuration list for PBXProject "Magic Paper" */ = {
			isa = XCConfigurationList;
			buildConfigurations = (
				79AE98732241EE6B007D2649 /* Debug */,
				79AE98742241EE6B007D2649 /* Release */,
			);
			defaultConfigurationIsVisible = 0;
			defaultConfigurationName = Release;
		};
		79AE98752241EE6B007D2649 /* Build configuration list for PBXNativeTarget "Magic Paper" */ = {
			isa = XCConfigurationList;
			buildConfigurations = (
				79AE98762241EE6B007D2649 /* Debug */,
				79AE98772241EE6B007D2649 /* Release */,
			);
			defaultConfigurationIsVisible = 0;
			defaultConfigurationName = Release;
		};
/* End XCConfigurationList section */
	};
	rootObject = 79AE98592241EE69007D2649 /* Project object */;
}
